
Microsoft Visual Studio Solution File, Format Version 12.00
# Visual Studio 15
VisualStudioVersion = 15.0.27128.1
MinimumVisualStudioVersion = 10.0.40219.1
Project("{FAE04EC0-301F-11D3-BF4B-00C04F79EFBC}") = "BotFaceverification", "BotFaceverification\BotFaceverification.csproj", "{29DEFD04-1F62-40C0-8852-15CF541558B9}"
EndProject
Global
	GlobalSection(SolutionConfigurationPlatforms) = preSolution
		Debug|Any CPU = Debug|Any CPU
		Release|Any CPU = Release|Any CPU
	EndGlobalSection
	GlobalSection(ProjectConfigurationPlatforms) = postSolution
		{29DEFD04-1F62-40C0-8852-15CF541558B9}.Debug|Any CPU.ActiveCfg = Debug|Any CPU
		{29DEFD04-1F62-40C0-8852-15CF541558B9}.Debug|Any CPU.Build.0 = Debug|Any CPU
		{29DEFD04-1F62-40C0-8852-15CF541558B9}.Release|Any CPU.ActiveCfg = Release|Any CPU
		{29DEFD04-1F62-40C0-8852-15CF541558B9}.Release|Any CPU.Build.0 = Release|Any CPU
	EndGlobalSection
	GlobalSection(SolutionProperties) = preSolution
		HideSolutionNode = FALSE
	EndGlobalSection
	GlobalSection(ExtensibilityGlobals) = postSolution
		SolutionGuid = {030D8071-1D51-4233-A21F-56587AE81B08}
	EndGlobalSection
EndGlobal
